
Microsoft Visual Studio Solution File, Format Version 12.00
# Visual Studio Version 17
VisualStudioVersion = 17.1.32120.378
MinimumVisualStudioVersion = 10.0.40219.1
Project("{FAE04EC0-301F-11D3-BF4B-00C04F79EFBC}") = "FulminiBot", "FulminiBot.csproj", "{B869DD28-7B09-482E-B254-259DDF451127}"
EndProject
Global
	GlobalSection(SolutionConfigurationPlatforms) = preSolution
		Debug|Any CPU = Debug|Any CPU
		Release|Any CPU = Release|Any CPU
	EndGlobalSection
	GlobalSection(ProjectConfigurationPlatforms) = postSolution
		{B869DD28-7B09-482E-B254-259DDF451127}.Debug|Any CPU.ActiveCfg = Debug|Any CPU
		{B869DD28-7B09-482E-B254-259DDF451127}.Debug|Any CPU.Build.0 = Debug|Any CPU
		{B869DD28-7B09-482E-B254-259DDF451127}.Release|Any CPU.ActiveCfg = Release|Any CPU
		{B869DD28-7B09-482E-B254-259DDF451127}.Release|Any CPU.Build.0 = Release|Any CPU
	EndGlobalSection
	GlobalSection(SolutionProperties) = preSolution
		HideSolutionNode = FALSE
	EndGlobalSection
	GlobalSection(ExtensibilityGlobals) = postSolution
		SolutionGuid = {17EA355A-98EB-4EE2-A092-8C7B95BC5B28}
	EndGlobalSection
EndGlobal
